
Microsoft Visual Studio Solution File, Format Version 12.00
# Visual Studio Version 17
VisualStudioVersion = 17.11.35219.272
MinimumVisualStudioVersion = 10.0.40219.1
Project("{9A19103F-16F7-4668-BE54-9A1E7A4F7556}") = "Pricely.Libraries.Shared", "Pricely.Libraries.Shared\Pricely.Libraries.Shared.csproj", "{C174DD3A-EFBB-4E11-A7F9-C9857CB2A937}"
EndProject
Project("{FAE04EC0-301F-11D3-BF4B-00C04F79EFBC}") = "Pricely.API", "Pricely.API\Pricely.API.csproj", "{D322D9ED-CC28-4931-B59D-6206A7C45CA2}"
EndProject
Project("{FAE04EC0-301F-11D3-BF4B-00C04F79EFBC}") = "Pricely.Core", "Pricely.Core\Pricely.Core.csproj", "{C7922F63-C22A-4CE1-821F-C273DBB8074E}"
EndProject
Project("{2150E333-8FDC-42A3-9474-1A3956D46DE8}") = "Pricely.Tests", "Pricely.Tests", "{02EA681E-C7D8-13C7-8484-4AC65E1B71E8}"
EndProject
Project("{FAE04EC0-301F-11D3-BF4B-00C04F79EFBC}") = "Pricely.Core.Tests", "Pricely.Core.Tests\Pricely.Core.Tests.csproj", "{17A32220-3721-4615-B2FE-528CCE0CA7FC}"
EndProject
Project("{FAE04EC0-301F-11D3-BF4B-00C04F79EFBC}") = "Pricely.API.Tests", "Pricely.API.Tests\Pricely.API.Tests.csproj", "{E25C108C-E37A-45D8-9D08-70DAC3ACBF17}"
EndProject
Project("{FAE04EC0-301F-11D3-BF4B-00C04F79EFBC}") = "Pricely.Console", "Pricely.Console\Pricely.Console.csproj", "{3D3297E6-FD72-4D7E-B8EF-156E1D983130}"
EndProject
Global
	GlobalSection(SolutionConfigurationPlatforms) = preSolution
		Debug|Any CPU = Debug|Any CPU
		Release|Any CPU = Release|Any CPU
	EndGlobalSection
	GlobalSection(ProjectConfigurationPlatforms) = postSolution
		{C174DD3A-EFBB-4E11-A7F9-C9857CB2A937}.Debug|Any CPU.ActiveCfg = Debug|Any CPU
		{C174DD3A-EFBB-4E11-A7F9-C9857CB2A937}.Debug|Any CPU.Build.0 = Debug|Any CPU
		{C174DD3A-EFBB-4E11-A7F9-C9857CB2A937}.Release|Any CPU.ActiveCfg = Release|Any CPU
		{C174DD3A-EFBB-4E11-A7F9-C9857CB2A937}.Release|Any CPU.Build.0 = Release|Any CPU
		{D322D9ED-CC28-4931-B59D-6206A7C45CA2}.Debug|Any CPU.ActiveCfg = Debug|Any CPU
		{D322D9ED-CC28-4931-B59D-6206A7C45CA2}.Debug|Any CPU.Build.0 = Debug|Any CPU
		{D322D9ED-CC28-4931-B59D-6206A7C45CA2}.Release|Any CPU.ActiveCfg = Release|Any CPU
		{D322D9ED-CC28-4931-B59D-6206A7C45CA2}.Release|Any CPU.Build.0 = Release|Any CPU
		{C7922F63-C22A-4CE1-821F-C273DBB8074E}.Debug|Any CPU.ActiveCfg = Debug|Any CPU
		{C7922F63-C22A-4CE1-821F-C273DBB8074E}.Debug|Any CPU.Build.0 = Debug|Any CPU
		{C7922F63-C22A-4CE1-821F-C273DBB8074E}.Release|Any CPU.ActiveCfg = Release|Any CPU
		{C7922F63-C22A-4CE1-821F-C273DBB8074E}.Release|Any CPU.Build.0 = Release|Any CPU
		{17A32220-3721-4615-B2FE-528CCE0CA7FC}.Debug|Any CPU.ActiveCfg = Debug|Any CPU
		{17A32220-3721-4615-B2FE-528CCE0CA7FC}.Debug|Any CPU.Build.0 = Debug|Any CPU
		{17A32220-3721-4615-B2FE-528CCE0CA7FC}.Release|Any CPU.ActiveCfg = Release|Any CPU
		{17A32220-3721-4615-B2FE-528CCE0CA7FC}.Release|Any CPU.Build.0 = Release|Any CPU
		{E25C108C-E37A-45D8-9D08-70DAC3ACBF17}.Debug|Any CPU.ActiveCfg = Debug|Any CPU
		{E25C108C-E37A-45D8-9D08-70DAC3ACBF17}.Debug|Any CPU.Build.0 = Debug|Any CPU
		{E25C108C-E37A-45D8-9D08-70DAC3ACBF17}.Release|Any CPU.ActiveCfg = Release|Any CPU
		{E25C108C-E37A-45D8-9D08-70DAC3ACBF17}.Release|Any CPU.Build.0 = Release|Any CPU
		{3D3297E6-FD72-4D7E-B8EF-156E1D983130}.Debug|Any CPU.ActiveCfg = Debug|Any CPU
		{3D3297E6-FD72-4D7E-B8EF-156E1D983130}.Debug|Any CPU.Build.0 = Debug|Any CPU
		{3D3297E6-FD72-4D7E-B8EF-156E1D983130}.Release|Any CPU.ActiveCfg = Release|Any CPU
		{3D3297E6-FD72-4D7E-B8EF-156E1D983130}.Release|Any CPU.Build.0 = Release|Any CPU
	EndGlobalSection
	GlobalSection(SolutionProperties) = preSolution
		HideSolutionNode = FALSE
	EndGlobalSection
	GlobalSection(NestedProjects) = preSolution
		{17A32220-3721-4615-B2FE-528CCE0CA7FC} = {02EA681E-C7D8-13C7-8484-4AC65E1B71E8}
		{E25C108C-E37A-45D8-9D08-70DAC3ACBF17} = {02EA681E-C7D8-13C7-8484-4AC65E1B71E8}
		{3D3297E6-FD72-4D7E-B8EF-156E1D983130} = {02EA681E-C7D8-13C7-8484-4AC65E1B71E8}
	EndGlobalSection
	GlobalSection(ExtensibilityGlobals) = postSolution
		SolutionGuid = {A2844700-9FA1-4C72-AC33-EA89EBF7D3B9}
	EndGlobalSection
EndGlobal
