
Microsoft Visual Studio Solution File, Format Version 12.00
# Visual Studio Version 17
VisualStudioVersion = 17.11.35219.272
MinimumVisualStudioVersion = 10.0.40219.1
Project("{FAE04EC0-301F-11D3-BF4B-00C04F79EFBC}") = "Pricely", "Pricely\Pricely.csproj", "{348BA655-C7C8-40BA-9A2F-9F8A92A41C72}"
EndProject
Project("{FAE04EC0-301F-11D3-BF4B-00C04F79EFBC}") = "Pricely.Libraries.Services", "Pricely.Libraries.Services\Pricely.Libraries.Services.csproj", "{75AA4B60-BE35-47D7-BBAF-A097BA95DB17}"
EndProject
Project("{FAE04EC0-301F-11D3-BF4B-00C04F79EFBC}") = "PricelyAPI", "PricelyAPI\PricelyAPI.csproj", "{818C1906-58F5-4B24-A873-FBF171C2FB8F}"
EndProject
Global
	GlobalSection(SolutionConfigurationPlatforms) = preSolution
		Debug|Any CPU = Debug|Any CPU
		Release|Any CPU = Release|Any CPU
	EndGlobalSection
	GlobalSection(ProjectConfigurationPlatforms) = postSolution
		{348BA655-C7C8-40BA-9A2F-9F8A92A41C72}.Debug|Any CPU.ActiveCfg = Debug|Any CPU
		{348BA655-C7C8-40BA-9A2F-9F8A92A41C72}.Debug|Any CPU.Build.0 = Debug|Any CPU
		{348BA655-C7C8-40BA-9A2F-9F8A92A41C72}.Release|Any CPU.ActiveCfg = Release|Any CPU
		{348BA655-C7C8-40BA-9A2F-9F8A92A41C72}.Release|Any CPU.Build.0 = Release|Any CPU
		{75AA4B60-BE35-47D7-BBAF-A097BA95DB17}.Debug|Any CPU.ActiveCfg = Debug|Any CPU
		{75AA4B60-BE35-47D7-BBAF-A097BA95DB17}.Debug|Any CPU.Build.0 = Debug|Any CPU
		{75AA4B60-BE35-47D7-BBAF-A097BA95DB17}.Release|Any CPU.ActiveCfg = Release|Any CPU
		{75AA4B60-BE35-47D7-BBAF-A097BA95DB17}.Release|Any CPU.Build.0 = Release|Any CPU
		{818C1906-58F5-4B24-A873-FBF171C2FB8F}.Debug|Any CPU.ActiveCfg = Debug|Any CPU
		{818C1906-58F5-4B24-A873-FBF171C2FB8F}.Debug|Any CPU.Build.0 = Debug|Any CPU
		{818C1906-58F5-4B24-A873-FBF171C2FB8F}.Release|Any CPU.ActiveCfg = Release|Any CPU
		{818C1906-58F5-4B24-A873-FBF171C2FB8F}.Release|Any CPU.Build.0 = Release|Any CPU
	EndGlobalSection
	GlobalSection(SolutionProperties) = preSolution
		HideSolutionNode = FALSE
	EndGlobalSection
	GlobalSection(ExtensibilityGlobals) = postSolution
		SolutionGuid = {A2844700-9FA1-4C72-AC33-EA89EBF7D3B9}
	EndGlobalSection
EndGlobal
